
Microsoft Visual Studio Solution File, Format Version 12.00
Project("{FAE04EC0-301F-11D3-BF4B-00C04F79EFBC}") = "WebApplication1", "WebApplication1\WebApplication1.csproj", "{7E3FF0EE-FFC3-4391-8049-FBBA56D3A612}"
EndProject
Global
	GlobalSection(SolutionConfigurationPlatforms) = preSolution
		Debug|Any CPU = Debug|Any CPU
		Release|Any CPU = Release|Any CPU
	EndGlobalSection
	GlobalSection(ProjectConfigurationPlatforms) = postSolution
		{7E3FF0EE-FFC3-4391-8049-FBBA56D3A612}.Debug|Any CPU.ActiveCfg = Debug|Any CPU
		{7E3FF0EE-FFC3-4391-8049-FBBA56D3A612}.Debug|Any CPU.Build.0 = Debug|Any CPU
		{7E3FF0EE-FFC3-4391-8049-FBBA56D3A612}.Release|Any CPU.ActiveCfg = Release|Any CPU
		{7E3FF0EE-FFC3-4391-8049-FBBA56D3A612}.Release|Any CPU.Build.0 = Release|Any CPU
	EndGlobalSection
EndGlobal
